
Microsoft Visual Studio Solution File, Format Version 12.00
# Visual Studio Version 16
VisualStudioVersion = 16.0.30320.27
MinimumVisualStudioVersion = 10.0.40219.1
Project("{FAE04EC0-301F-11D3-BF4B-00C04F79EFBC}") = "ConsoleApp_Homework8", "ConsoleApp_Homework8\ConsoleApp_Homework8.csproj", "{7D4116BE-5461-4661-8907-2ADEA38C791F}"
EndProject
Project("{FAE04EC0-301F-11D3-BF4B-00C04F79EFBC}") = "ClassLibrary_Homework", "ClassLibrary_Homework\ClassLibrary_Homework.csproj", "{DEC07180-ADAA-4F1C-A392-31B16DA24507}"
EndProject
Global
	GlobalSection(SolutionConfigurationPlatforms) = preSolution
		Debug|Any CPU = Debug|Any CPU
		Release|Any CPU = Release|Any CPU
	EndGlobalSection
	GlobalSection(ProjectConfigurationPlatforms) = postSolution
		{7D4116BE-5461-4661-8907-2ADEA38C791F}.Debug|Any CPU.ActiveCfg = Debug|Any CPU
		{7D4116BE-5461-4661-8907-2ADEA38C791F}.Debug|Any CPU.Build.0 = Debug|Any CPU
		{7D4116BE-5461-4661-8907-2ADEA38C791F}.Release|Any CPU.ActiveCfg = Release|Any CPU
		{7D4116BE-5461-4661-8907-2ADEA38C791F}.Release|Any CPU.Build.0 = Release|Any CPU
		{DEC07180-ADAA-4F1C-A392-31B16DA24507}.Debug|Any CPU.ActiveCfg = Debug|Any CPU
		{DEC07180-ADAA-4F1C-A392-31B16DA24507}.Debug|Any CPU.Build.0 = Debug|Any CPU
		{DEC07180-ADAA-4F1C-A392-31B16DA24507}.Release|Any CPU.ActiveCfg = Release|Any CPU
		{DEC07180-ADAA-4F1C-A392-31B16DA24507}.Release|Any CPU.Build.0 = Release|Any CPU
	EndGlobalSection
	GlobalSection(SolutionProperties) = preSolution
		HideSolutionNode = FALSE
	EndGlobalSection
	GlobalSection(ExtensibilityGlobals) = postSolution
		SolutionGuid = {078EA665-6EFD-4A8A-B417-E1C91D9EFC6E}
	EndGlobalSection
EndGlobal
